
Microsoft Visual Studio Solution File, Format Version 12.00
# Visual Studio Version 17
VisualStudioVersion = 17.13.35931.197 d17.13
MinimumVisualStudioVersion = 10.0.40219.1
Project("{FAE04EC0-301F-11D3-BF4B-00C04F79EFBC}") = "CarWebSite", "CarWebSite\CarWebSite.csproj", "{EB51424D-B143-4DDB-87D3-EC4C50FC0DFE}"
EndProject
Global
	GlobalSection(SolutionConfigurationPlatforms) = preSolution
		Debug|Any CPU = Debug|Any CPU
		Release|Any CPU = Release|Any CPU
	EndGlobalSection
	GlobalSection(ProjectConfigurationPlatforms) = postSolution
		{EB51424D-B143-4DDB-87D3-EC4C50FC0DFE}.Debug|Any CPU.ActiveCfg = Debug|Any CPU
		{EB51424D-B143-4DDB-87D3-EC4C50FC0DFE}.Debug|Any CPU.Build.0 = Debug|Any CPU
		{EB51424D-B143-4DDB-87D3-EC4C50FC0DFE}.Release|Any CPU.ActiveCfg = Release|Any CPU
		{EB51424D-B143-4DDB-87D3-EC4C50FC0DFE}.Release|Any CPU.Build.0 = Release|Any CPU
	EndGlobalSection
	GlobalSection(SolutionProperties) = preSolution
		HideSolutionNode = FALSE
	EndGlobalSection
	GlobalSection(ExtensibilityGlobals) = postSolution
		SolutionGuid = {137E0BEE-4CE3-42F4-8BA8-D0ABC047B7D2}
	EndGlobalSection
EndGlobal
